
Microsoft Visual Studio Solution File, Format Version 12.00
# Visual Studio Version 16
VisualStudioVersion = 16.0.32802.440
MinimumVisualStudioVersion = 10.0.40219.1
Project("{9A19103F-16F7-4668-BE54-9A1E7A4F7556}") = "LibraryApp - Douglas Andrade", "LibrayApp\LibraryApp - Douglas Andrade.csproj", "{562C35BE-C13C-406B-BDDE-CAEFAE293973}"
EndProject
Global
	GlobalSection(SolutionConfigurationPlatforms) = preSolution
		Debug|Any CPU = Debug|Any CPU
		Release|Any CPU = Release|Any CPU
	EndGlobalSection
	GlobalSection(ProjectConfigurationPlatforms) = postSolution
		{562C35BE-C13C-406B-BDDE-CAEFAE293973}.Debug|Any CPU.ActiveCfg = Debug|Any CPU
		{562C35BE-C13C-406B-BDDE-CAEFAE293973}.Debug|Any CPU.Build.0 = Debug|Any CPU
		{562C35BE-C13C-406B-BDDE-CAEFAE293973}.Release|Any CPU.ActiveCfg = Release|Any CPU
		{562C35BE-C13C-406B-BDDE-CAEFAE293973}.Release|Any CPU.Build.0 = Release|Any CPU
	EndGlobalSection
	GlobalSection(SolutionProperties) = preSolution
		HideSolutionNode = FALSE
	EndGlobalSection
	GlobalSection(ExtensibilityGlobals) = postSolution
		SolutionGuid = {B5A460EA-178F-407B-8EBE-A661D47B9780}
	EndGlobalSection
EndGlobal
