
Microsoft Visual Studio Solution File, Format Version 12.00
Project("{2150E333-8FDC-42A3-9474-1A3956D46DE8}") = "src", "src", "{A679A6F2-BB8D-4A17-BC94-474F535051EF}"
EndProject
Project("{2150E333-8FDC-42A3-9474-1A3956D46DE8}") = "tests", "tests", "{05702AC6-8DE0-4770-B29D-CC8018579B2C}"
EndProject
Project("{FAE04EC0-301F-11D3-BF4B-00C04F79EFBC}") = "Domain", "src\Domain\Domain.csproj", "{4D3B83A8-4AAF-4338-98E9-B34C35D6D53E}"
EndProject
Project("{FAE04EC0-301F-11D3-BF4B-00C04F79EFBC}") = "CrossCutting", "src\CrossCutting\CrossCutting.csproj", "{D792107B-981F-46A7-BCE0-5D6BFFFAF238}"
EndProject
Project("{FAE04EC0-301F-11D3-BF4B-00C04F79EFBC}") = "API", "src\API\API.csproj", "{36BB7D49-0E29-4092-8A1F-4DE9A6F69F87}"
EndProject
Project("{FAE04EC0-301F-11D3-BF4B-00C04F79EFBC}") = "Application", "src\Application\Application.csproj", "{2E311E94-7FE8-4893-BCF1-039D5FF02DF2}"
EndProject
Project("{FAE04EC0-301F-11D3-BF4B-00C04F79EFBC}") = "Infrastructure", "src\Infrastructure\Infrastructure.csproj", "{89E9464B-DC66-48A3-95B9-53B1A12DBAA1}"
EndProject
Project("{FAE04EC0-301F-11D3-BF4B-00C04F79EFBC}") = "Tests", "tests\Tests\Tests.csproj", "{A07FE669-7E44-419B-8667-97DA511F420F}"
EndProject
Global
	GlobalSection(SolutionConfigurationPlatforms) = preSolution
		Debug|Any CPU = Debug|Any CPU
		Release|Any CPU = Release|Any CPU
	EndGlobalSection
	GlobalSection(NestedProjects) = preSolution
		{4D3B83A8-4AAF-4338-98E9-B34C35D6D53E} = {A679A6F2-BB8D-4A17-BC94-474F535051EF}
		{D792107B-981F-46A7-BCE0-5D6BFFFAF238} = {A679A6F2-BB8D-4A17-BC94-474F535051EF}
		{36BB7D49-0E29-4092-8A1F-4DE9A6F69F87} = {A679A6F2-BB8D-4A17-BC94-474F535051EF}
		{2E311E94-7FE8-4893-BCF1-039D5FF02DF2} = {A679A6F2-BB8D-4A17-BC94-474F535051EF}
		{89E9464B-DC66-48A3-95B9-53B1A12DBAA1} = {A679A6F2-BB8D-4A17-BC94-474F535051EF}
		{A07FE669-7E44-419B-8667-97DA511F420F} = {05702AC6-8DE0-4770-B29D-CC8018579B2C}
	EndGlobalSection
	GlobalSection(ProjectConfigurationPlatforms) = postSolution
		{4D3B83A8-4AAF-4338-98E9-B34C35D6D53E}.Debug|Any CPU.ActiveCfg = Debug|Any CPU
		{4D3B83A8-4AAF-4338-98E9-B34C35D6D53E}.Debug|Any CPU.Build.0 = Debug|Any CPU
		{4D3B83A8-4AAF-4338-98E9-B34C35D6D53E}.Release|Any CPU.ActiveCfg = Release|Any CPU
		{4D3B83A8-4AAF-4338-98E9-B34C35D6D53E}.Release|Any CPU.Build.0 = Release|Any CPU
		{D792107B-981F-46A7-BCE0-5D6BFFFAF238}.Debug|Any CPU.ActiveCfg = Debug|Any CPU
		{D792107B-981F-46A7-BCE0-5D6BFFFAF238}.Debug|Any CPU.Build.0 = Debug|Any CPU
		{D792107B-981F-46A7-BCE0-5D6BFFFAF238}.Release|Any CPU.ActiveCfg = Release|Any CPU
		{D792107B-981F-46A7-BCE0-5D6BFFFAF238}.Release|Any CPU.Build.0 = Release|Any CPU
		{36BB7D49-0E29-4092-8A1F-4DE9A6F69F87}.Debug|Any CPU.ActiveCfg = Debug|Any CPU
		{36BB7D49-0E29-4092-8A1F-4DE9A6F69F87}.Debug|Any CPU.Build.0 = Debug|Any CPU
		{36BB7D49-0E29-4092-8A1F-4DE9A6F69F87}.Release|Any CPU.ActiveCfg = Release|Any CPU
		{36BB7D49-0E29-4092-8A1F-4DE9A6F69F87}.Release|Any CPU.Build.0 = Release|Any CPU
		{2E311E94-7FE8-4893-BCF1-039D5FF02DF2}.Debug|Any CPU.ActiveCfg = Debug|Any CPU
		{2E311E94-7FE8-4893-BCF1-039D5FF02DF2}.Debug|Any CPU.Build.0 = Debug|Any CPU
		{2E311E94-7FE8-4893-BCF1-039D5FF02DF2}.Release|Any CPU.ActiveCfg = Release|Any CPU
		{2E311E94-7FE8-4893-BCF1-039D5FF02DF2}.Release|Any CPU.Build.0 = Release|Any CPU
		{89E9464B-DC66-48A3-95B9-53B1A12DBAA1}.Debug|Any CPU.ActiveCfg = Debug|Any CPU
		{89E9464B-DC66-48A3-95B9-53B1A12DBAA1}.Debug|Any CPU.Build.0 = Debug|Any CPU
		{89E9464B-DC66-48A3-95B9-53B1A12DBAA1}.Release|Any CPU.ActiveCfg = Release|Any CPU
		{89E9464B-DC66-48A3-95B9-53B1A12DBAA1}.Release|Any CPU.Build.0 = Release|Any CPU
		{A07FE669-7E44-419B-8667-97DA511F420F}.Debug|Any CPU.ActiveCfg = Debug|Any CPU
		{A07FE669-7E44-419B-8667-97DA511F420F}.Debug|Any CPU.Build.0 = Debug|Any CPU
		{A07FE669-7E44-419B-8667-97DA511F420F}.Release|Any CPU.ActiveCfg = Release|Any CPU
		{A07FE669-7E44-419B-8667-97DA511F420F}.Release|Any CPU.Build.0 = Release|Any CPU
	EndGlobalSection
EndGlobal
