
Microsoft Visual Studio Solution File, Format Version 12.00
# Visual Studio Version 17
VisualStudioVersion = 17.2.32526.322
MinimumVisualStudioVersion = 10.0.40219.1
Project("{FAE04EC0-301F-11D3-BF4B-00C04F79EFBC}") = "BookstoreManager.WebApi", "bookstoreManager\BookstoreManager.WebApi.csproj", "{C0637D84-7E7B-4931-B180-11A9C3A69D1D}"
EndProject
Project("{FAE04EC0-301F-11D3-BF4B-00C04F79EFBC}") = "BookstoreManager.Application", "BookstoreManager.Aplication\BookstoreManager.Application.csproj", "{CC0B6982-6516-4305-8033-7EB5A9F8D82E}"
EndProject
Project("{FAE04EC0-301F-11D3-BF4B-00C04F79EFBC}") = "BookstoreManager.Domain", "BookstoreManager.Domain\BookstoreManager.Domain.csproj", "{78A2D592-4FC1-44DB-A73C-E5CC5FD53550}"
EndProject
Project("{FAE04EC0-301F-11D3-BF4B-00C04F79EFBC}") = "BookststorageManager.Data", "BookststorageManager.Data\BookststorageManager.Data.csproj", "{09D2AFAC-8F1F-430B-AEEF-936D5FFEEB7A}"
EndProject
Project("{FAE04EC0-301F-11D3-BF4B-00C04F79EFBC}") = "BookstoreManager.Repository", "BookstoreManager.Repository\BookstoreManager.Repository.csproj", "{397BDC9F-1699-4932-956B-DDE7ADECA2D8}"
EndProject
Global
	GlobalSection(SolutionConfigurationPlatforms) = preSolution
		Debug|Any CPU = Debug|Any CPU
		Release|Any CPU = Release|Any CPU
	EndGlobalSection
	GlobalSection(ProjectConfigurationPlatforms) = postSolution
		{C0637D84-7E7B-4931-B180-11A9C3A69D1D}.Debug|Any CPU.ActiveCfg = Debug|Any CPU
		{C0637D84-7E7B-4931-B180-11A9C3A69D1D}.Debug|Any CPU.Build.0 = Debug|Any CPU
		{C0637D84-7E7B-4931-B180-11A9C3A69D1D}.Release|Any CPU.ActiveCfg = Release|Any CPU
		{C0637D84-7E7B-4931-B180-11A9C3A69D1D}.Release|Any CPU.Build.0 = Release|Any CPU
		{CC0B6982-6516-4305-8033-7EB5A9F8D82E}.Debug|Any CPU.ActiveCfg = Debug|Any CPU
		{CC0B6982-6516-4305-8033-7EB5A9F8D82E}.Debug|Any CPU.Build.0 = Debug|Any CPU
		{CC0B6982-6516-4305-8033-7EB5A9F8D82E}.Release|Any CPU.ActiveCfg = Release|Any CPU
		{CC0B6982-6516-4305-8033-7EB5A9F8D82E}.Release|Any CPU.Build.0 = Release|Any CPU
		{78A2D592-4FC1-44DB-A73C-E5CC5FD53550}.Debug|Any CPU.ActiveCfg = Debug|Any CPU
		{78A2D592-4FC1-44DB-A73C-E5CC5FD53550}.Debug|Any CPU.Build.0 = Debug|Any CPU
		{78A2D592-4FC1-44DB-A73C-E5CC5FD53550}.Release|Any CPU.ActiveCfg = Release|Any CPU
		{78A2D592-4FC1-44DB-A73C-E5CC5FD53550}.Release|Any CPU.Build.0 = Release|Any CPU
		{09D2AFAC-8F1F-430B-AEEF-936D5FFEEB7A}.Debug|Any CPU.ActiveCfg = Debug|Any CPU
		{09D2AFAC-8F1F-430B-AEEF-936D5FFEEB7A}.Debug|Any CPU.Build.0 = Debug|Any CPU
		{09D2AFAC-8F1F-430B-AEEF-936D5FFEEB7A}.Release|Any CPU.ActiveCfg = Release|Any CPU
		{09D2AFAC-8F1F-430B-AEEF-936D5FFEEB7A}.Release|Any CPU.Build.0 = Release|Any CPU
		{397BDC9F-1699-4932-956B-DDE7ADECA2D8}.Debug|Any CPU.ActiveCfg = Debug|Any CPU
		{397BDC9F-1699-4932-956B-DDE7ADECA2D8}.Debug|Any CPU.Build.0 = Debug|Any CPU
		{397BDC9F-1699-4932-956B-DDE7ADECA2D8}.Release|Any CPU.ActiveCfg = Release|Any CPU
		{397BDC9F-1699-4932-956B-DDE7ADECA2D8}.Release|Any CPU.Build.0 = Release|Any CPU
	EndGlobalSection
	GlobalSection(SolutionProperties) = preSolution
		HideSolutionNode = FALSE
	EndGlobalSection
	GlobalSection(ExtensibilityGlobals) = postSolution
		SolutionGuid = {03C6AC2D-878A-4827-BBEA-5C961FE138C9}
	EndGlobalSection
EndGlobal
