
Microsoft Visual Studio Solution File, Format Version 12.00
# Visual Studio Version 17
VisualStudioVersion = 17.4.33103.184
MinimumVisualStudioVersion = 10.0.40219.1
Project("{9A19103F-16F7-4668-BE54-9A1E7A4F7556}") = "APIBook", "APIBook\APIBook.csproj", "{3C79CF80-0AD9-42A5-8FA8-6B75170A037F}"
EndProject
Project("{E53339B2-1760-4266-BCC7-CA923CBCF16C}") = "docker-compose", "docker-compose.dcproj", "{E51AE39F-906B-43A0-B84C-87C090CBC6FB}"
EndProject
Global
	GlobalSection(SolutionConfigurationPlatforms) = preSolution
		Debug|Any CPU = Debug|Any CPU
		Release|Any CPU = Release|Any CPU
	EndGlobalSection
	GlobalSection(ProjectConfigurationPlatforms) = postSolution
		{3C79CF80-0AD9-42A5-8FA8-6B75170A037F}.Debug|Any CPU.ActiveCfg = Debug|Any CPU
		{3C79CF80-0AD9-42A5-8FA8-6B75170A037F}.Debug|Any CPU.Build.0 = Debug|Any CPU
		{3C79CF80-0AD9-42A5-8FA8-6B75170A037F}.Release|Any CPU.ActiveCfg = Release|Any CPU
		{3C79CF80-0AD9-42A5-8FA8-6B75170A037F}.Release|Any CPU.Build.0 = Release|Any CPU
		{E51AE39F-906B-43A0-B84C-87C090CBC6FB}.Debug|Any CPU.ActiveCfg = Debug|Any CPU
		{E51AE39F-906B-43A0-B84C-87C090CBC6FB}.Debug|Any CPU.Build.0 = Debug|Any CPU
		{E51AE39F-906B-43A0-B84C-87C090CBC6FB}.Release|Any CPU.ActiveCfg = Release|Any CPU
		{E51AE39F-906B-43A0-B84C-87C090CBC6FB}.Release|Any CPU.Build.0 = Release|Any CPU
	EndGlobalSection
	GlobalSection(SolutionProperties) = preSolution
		HideSolutionNode = FALSE
	EndGlobalSection
	GlobalSection(ExtensibilityGlobals) = postSolution
		SolutionGuid = {EB867682-F5B3-445D-887B-C39BEA7452A9}
	EndGlobalSection
EndGlobal
